
Microsoft Visual Studio Solution File, Format Version 12.00
# Visual Studio Version 17
VisualStudioVersion = 17.0.31903.59
MinimumVisualStudioVersion = 10.0.40219.1
Project("{FAE04EC0-301F-11D3-BF4B-00C04F79EFBC}") = "contact_manager_proj", "contact_manager_proj\contact_manager_proj.csproj", "{9177BF6E-E349-4652-9594-CB84BD7870DB}"
EndProject
Project("{FAE04EC0-301F-11D3-BF4B-00C04F79EFBC}") = "contact_manager_proj.Tests", "contact_manager_proj.Tests\contact_manager_proj.Tests.csproj", "{A23C9C82-AE55-4A0A-A53A-70CB7C031413}"
EndProject
Global
	GlobalSection(SolutionConfigurationPlatforms) = preSolution
		Debug|Any CPU = Debug|Any CPU
		Release|Any CPU = Release|Any CPU
	EndGlobalSection
	GlobalSection(SolutionProperties) = preSolution
		HideSolutionNode = FALSE
	EndGlobalSection
	GlobalSection(ProjectConfigurationPlatforms) = postSolution
		{9177BF6E-E349-4652-9594-CB84BD7870DB}.Debug|Any CPU.ActiveCfg = Debug|Any CPU
		{9177BF6E-E349-4652-9594-CB84BD7870DB}.Debug|Any CPU.Build.0 = Debug|Any CPU
		{9177BF6E-E349-4652-9594-CB84BD7870DB}.Release|Any CPU.ActiveCfg = Release|Any CPU
		{9177BF6E-E349-4652-9594-CB84BD7870DB}.Release|Any CPU.Build.0 = Release|Any CPU
		{A23C9C82-AE55-4A0A-A53A-70CB7C031413}.Debug|Any CPU.ActiveCfg = Debug|Any CPU
		{A23C9C82-AE55-4A0A-A53A-70CB7C031413}.Debug|Any CPU.Build.0 = Debug|Any CPU
		{A23C9C82-AE55-4A0A-A53A-70CB7C031413}.Release|Any CPU.ActiveCfg = Release|Any CPU
		{A23C9C82-AE55-4A0A-A53A-70CB7C031413}.Release|Any CPU.Build.0 = Release|Any CPU
	EndGlobalSection
EndGlobal
